
Microsoft Visual Studio Solution File, Format Version 12.00
# Visual Studio Version 16
VisualStudioVersion = 16.0.32106.194
MinimumVisualStudioVersion = 10.0.40219.1
Project("{FAE04EC0-301F-11D3-BF4B-00C04F79EFBC}") = "T1", "T1\T1.csproj", "{3577A758-0768-4A20-BFA4-91451C888402}"
EndProject
Global
	GlobalSection(SolutionConfigurationPlatforms) = preSolution
		Debug|Any CPU = Debug|Any CPU
		Release|Any CPU = Release|Any CPU
	EndGlobalSection
	GlobalSection(ProjectConfigurationPlatforms) = postSolution
		{3577A758-0768-4A20-BFA4-91451C888402}.Debug|Any CPU.ActiveCfg = Debug|Any CPU
		{3577A758-0768-4A20-BFA4-91451C888402}.Debug|Any CPU.Build.0 = Debug|Any CPU
		{3577A758-0768-4A20-BFA4-91451C888402}.Release|Any CPU.ActiveCfg = Release|Any CPU
		{3577A758-0768-4A20-BFA4-91451C888402}.Release|Any CPU.Build.0 = Release|Any CPU
	EndGlobalSection
	GlobalSection(SolutionProperties) = preSolution
		HideSolutionNode = FALSE
	EndGlobalSection
	GlobalSection(ExtensibilityGlobals) = postSolution
		SolutionGuid = {56F07EF8-7ADA-419F-9F67-15615C8862B6}
	EndGlobalSection
EndGlobal
